
Microsoft Visual Studio Solution File, Format Version 12.00
# Visual Studio Version 17
VisualStudioVersion = 17.10.34928.147
MinimumVisualStudioVersion = 10.0.40219.1
Project("{9A19103F-16F7-4668-BE54-9A1E7A4F7556}") = "DiaryManager", "DiaryManager.csproj", "{F1A75C60-2FF2-4E51-A3E4-DA9166C1BC75}"
EndProject
Project("{FAE04EC0-301F-11D3-BF4B-00C04F79EFBC}") = "DiaryManagerTests", "..\DiaryManagerTests\DiaryManagerTests.csproj", "{63F1824B-17E5-4680-BA25-4F345587BDB1}"
EndProject
Global
	GlobalSection(SolutionConfigurationPlatforms) = preSolution
		Debug|Any CPU = Debug|Any CPU
		Release|Any CPU = Release|Any CPU
	EndGlobalSection
	GlobalSection(ProjectConfigurationPlatforms) = postSolution
		{F1A75C60-2FF2-4E51-A3E4-DA9166C1BC75}.Debug|Any CPU.ActiveCfg = Debug|Any CPU
		{F1A75C60-2FF2-4E51-A3E4-DA9166C1BC75}.Debug|Any CPU.Build.0 = Debug|Any CPU
		{F1A75C60-2FF2-4E51-A3E4-DA9166C1BC75}.Release|Any CPU.ActiveCfg = Release|Any CPU
		{F1A75C60-2FF2-4E51-A3E4-DA9166C1BC75}.Release|Any CPU.Build.0 = Release|Any CPU
		{63F1824B-17E5-4680-BA25-4F345587BDB1}.Debug|Any CPU.ActiveCfg = Debug|Any CPU
		{63F1824B-17E5-4680-BA25-4F345587BDB1}.Debug|Any CPU.Build.0 = Debug|Any CPU
		{63F1824B-17E5-4680-BA25-4F345587BDB1}.Release|Any CPU.ActiveCfg = Release|Any CPU
		{63F1824B-17E5-4680-BA25-4F345587BDB1}.Release|Any CPU.Build.0 = Release|Any CPU
	EndGlobalSection
	GlobalSection(SolutionProperties) = preSolution
		HideSolutionNode = FALSE
	EndGlobalSection
	GlobalSection(ExtensibilityGlobals) = postSolution
		SolutionGuid = {0E11B1F8-815E-47D8-94F6-AC2AEC3B9311}
	EndGlobalSection
EndGlobal
